{
  "version": 4,
  "terraform_version": "1.3.7",
  "serial": 346,
  "lineage": "b176de90-862f-d7d7-8932-ab359642eadb",
  "outputs": {},
  "resources": [
    {
      "mode": "data",
      "type": "local_file",
      "name": "chef_valid_key",
      "provider": "provider[\"registry.terraform.io/hashicorp/local\"]",
      "instances": [
        {
          "schema_version": 0,
          "attributes": {
            "content": "-----BEGIN RSA PRIVATE KEY-----\r\nMIIG4wIBAAKCAYEAxSKmCQAD/t6nxPyEjgTs0n8dKef8BbJOgR63cQyNuMasPfHB\r\nqAYESQMpTNXCt/6O63s/MZ2CNuh/ACf1a56c+DpfxbDrBVSE99eWSGpY7FYiuoJr\r\nyFOKBNzMgq+6VoVrnvyW8mlcZ9MXRStluP3YwFsNzytcwbcdRBzW2oKxBhoHDjKT\r\nC8kUO6Cq2VMA1XHoYOhF+3gh8RjTsdNyYOIa9VyfA5ptDaNW31AfyD1s0LH0knbd\r\n7o2ES7aeD27y5CxOqSI5Jp8p1iqqXCH9BE/WHkqW4wZ8ivhazA3Ae1k8HRkvc6gH\r\n16Y4MGiWwPXcRpmYRkFdQ8wUozSZY/TMK/ppPo9MPqnEXgvFzH8d2TJnxELu3FOG\r\nnunAu5khy3rAB8HDi003C4BLOVJTEkBDlYPcaMZ9FDXKSgWBamfQ4orMRa2LaRqM\r\nta9TZZOKIjk90/cu/BzjmOaMyhresRs1uDttMmOMisd7/8kN3ym71Gkeua7UuPhw\r\nUKxHAWCqatWBgRqRAgMBAAECggGBALYiaxDJqOdjw9GmFLo6JqvcsY80PI7uzMVT\r\nId0a4h2jwSOCJ5Ab7v2eJBxPKxZf5KAAQMSQZ+xfJmd4g7Eo3JIjLLUz3hAQpMFv\r\nt/Oz/fBtLKzxLq/pLw2LCpB710d1AZfke3oAilWKnGdVzyf5sLcX6UxNHegETM/P\r\nbVp5gSDID1i4tU8gOsdUjEU6AP0zvqU6NN4/geyFKaGUYIrOnGWxa2Ei3jrJfMvZ\r\n9WNGDTFMGVDw7d8ndOGXGbXcpiDWJT+vvPmaatwq3ip8ddpsLPE9VjCZJ5yFff7a\r\nRfAw+WjOOL9F+9rE+V1eZDSpFRLHvV8LCs1PBL1TCQwo1d1UsphxgtqRqgr7uYTo\r\n9QmH7/fFD5pg1ykiCeL1szm6IghcQN7lLrVR8vH4O8JdF2SHRbSwypJD0+QJy1zw\r\np3CQhRiu72MPBHpxQ68UPxQzj3aOrZtWDolXjmoqYm0Le8B9kP4Lxzu4XzjKBuct\r\nvV7ZLlXiMHO6O1JgjwS4OPk7vc4VOQKBwQDatZWoom3a5lkMfoIaembSuRVOlh/P\r\naM2lXK9QkCByT+SDwZ+CyW99nFCcFGxJgYnMRql2eSoU9fFVzc97vFCgOQHUR+L4\r\nfaS5HC7zW8fBR8OUtCflfKIsec3BWChv1Dyjwnu5/JtUi9xUQ5be0cNSmkDB7H/p\r\nTrdwUB+O8Y+Zv6yK925YBM0QrV25evjtHQnhdb3mLXkMEuLDICLocr0AUdkfwkld\r\n7SLOIJBvBGzm/gJA3Uor9wqRzWDAXgVKgssCgcEA5r9ib5KYSXnVRn7FoBT5dz3U\r\na/sHQzimEakw/AM32fABX6P/zCUsd5u0n5YHkXtTxu8aA7iQPvsXxumZArFiFhiv\r\nPhAtfxFAYow/ocX6R14SLUOM2dc+e+mZZYuW0D4OFTQAhMvSlGxM8UbD/n/tua5Q\r\njT8+jp87zDG8KWmj/ySN2BTDOQ2xruUMVZaNtt+J/7j5ANIOgDllvV5d6G1VcN4F\r\nnFptsPbeRI3umsxIKbuTl48OlTi8MH+E87MYKACTAoHAdbq1evckh2bjnHQk+LfW\r\nzavPqmPpb66MtGz1+jn7HU2gRsRdZvujxkv0oG/l8pOGZ63J3vpOCsZxSKzm+UZf\r\naEAHmguwQ+7uUq63H0zSdFp7D3sC1ueGLMbMWT1pVvk6QzSXgYBW5OX8jmdruTnV\r\nGIvsO/dgy2gSGqUmt72UfUDOUmfqv/qloEqSXxuxD4JIJVNKC7OCq1snMb4EzHen\r\nAZsNc6kT8TmLOMYSuY/6R0WIVP5JxOzQhbe2UxbJZliNAoHAQtq4fnMOxFsUO/SG\r\n9baeALpdTVvR4twK4ZsPojScffxXqYoulss+cvkeAA7L6o682ypzcxiKUnUVkoAj\r\n4O/b52MHgwfU5rfs26Ce3xQpS3wp8AteR89hPy2TUCR9caBJHEOQ0ujq/i3SrSU/\r\nrAEMs3uZwxLL4S6peKQATE9bQJUqs6xwU5twG6gpRrL0JEPoC7tgCajSorv+ijtJ\r\nIgprcuQg5AgfN+KOy3YD573AOrcqMAM2ym1BuRt5PdJp8U0ZAoHABbrXMzmY6Qqs\r\n+Sr4TS2u8zNggMOTLQ7BS8ZwbeY+ci1wu/yObRP2TdpfFB7P+xnzAAK/wBIngHB2\r\nOT7r10JNN2j1TW89ZaioKGjdKQYw0evGuks1+v/OebzmEQ25QD5r0SR2HE/cH3k+\r\nfOMAXa2xCUEbnx0s1L8NhxF9clTGwR28f7yBdsMKwDCOs4+WlZCTGihz0lUuaYUw\r\ntry1HBkWBUPoszAwaDQYFwgSg3Bbo2XU+7lrl1s8HHr+KDhUus0N\r\n-----END RSA PRIVATE KEY-----",
            "content_base64": "LS0tLS1CRUdJTiBSU0EgUFJJVkFURSBLRVktLS0tLQ0KTUlJRzR3SUJBQUtDQVlFQXhTS21DUUFEL3Q2bnhQeUVqZ1RzMG44ZEtlZjhCYkpPZ1I2M2NReU51TWFzUGZIQg0KcUFZRVNRTXBUTlhDdC82TzYzcy9NWjJDTnVoL0FDZjFhNTZjK0RwZnhiRHJCVlNFOTllV1NHcFk3RllpdW9Kcg0KeUZPS0JOek1ncSs2Vm9Wcm52eVc4bWxjWjlNWFJTdGx1UDNZd0ZzTnp5dGN3YmNkUkJ6VzJvS3hCaG9IRGpLVA0KQzhrVU82Q3EyVk1BMVhIb1lPaEYrM2doOFJqVHNkTnlZT0lhOVZ5ZkE1cHREYU5XMzFBZnlEMXMwTEgwa25iZA0KN28yRVM3YWVEMjd5NUN4T3FTSTVKcDhwMWlxcVhDSDlCRS9XSGtxVzR3WjhpdmhhekEzQWUxazhIUmt2YzZnSA0KMTZZNE1HaVd3UFhjUnBtWVJrRmRROHdVb3pTWlkvVE1LL3BwUG85TVBxbkVYZ3ZGekg4ZDJUSm54RUx1M0ZPRw0KbnVuQXU1a2h5M3JBQjhIRGkwMDNDNEJMT1ZKVEVrQkRsWVBjYU1aOUZEWEtTZ1dCYW1mUTRvck1SYTJMYVJxTQ0KdGE5VFpaT0tJams5MC9jdS9CemptT2FNeWhyZXNSczF1RHR0TW1PTWlzZDcvOGtOM3ltNzFHa2V1YTdVdVBodw0KVUt4SEFXQ3FhdFdCZ1JxUkFnTUJBQUVDZ2dHQkFMWWlheERKcU9kanc5R21GTG82SnF2Y3NZODBQSTd1ek1WVA0KSWQwYTRoMmp3U09DSjVBYjd2MmVKQnhQS3haZjVLQUFRTVNRWit4ZkptZDRnN0VvM0pJakxMVXozaEFRcE1Gdg0KdC9Pei9mQnRMS3p4THEvcEx3MkxDcEI3MTBkMUFaZmtlM29BaWxXS25HZFZ6eWY1c0xjWDZVeE5IZWdFVE0vUA0KYlZwNWdTRElEMWk0dFU4Z09zZFVqRVU2QVAwenZxVTZOTjQvZ2V5RkthR1VZSXJPbkdXeGEyRWkzanJKZk12Wg0KOVdOR0RURk1HVkR3N2Q4bmRPR1hHYlhjcGlEV0pUK3Z2UG1hYXR3cTNpcDhkZHBzTFBFOVZqQ1pKNXlGZmY3YQ0KUmZBdytXak9PTDlGKzlyRStWMWVaRFNwRlJMSHZWOExDczFQQkwxVENRd28xZDFVc3BoeGd0cVJxZ3I3dVlUbw0KOVFtSDcvZkZENXBnMXlraUNlTDFzem02SWdoY1FON2xMclZSOHZINE84SmRGMlNIUmJTd3lwSkQwK1FKeTF6dw0KcDNDUWhSaXU3Mk1QQkhweFE2OFVQeFF6ajNhT3JadFdEb2xYam1vcVltMExlOEI5a1A0THh6dTRYempLQnVjdA0KdlY3WkxsWGlNSE82TzFKZ2p3UzRPUGs3dmM0Vk9RS0J3UURhdFpXb29tM2E1bGtNZm9JYWVtYlN1UlZPbGgvUA0KYU0ybFhLOVFrQ0J5VCtTRHdaK0N5Vzk5bkZDY0ZHeEpnWW5NUnFsMmVTb1U5ZkZWemM5N3ZGQ2dPUUhVUitMNA0KZmFTNUhDN3pXOGZCUjhPVXRDZmxmS0lzZWMzQldDaHYxRHlqd251NS9KdFVpOXhVUTViZTBjTlNta0RCN0gvcA0KVHJkd1VCK084WStadjZ5SzkyNVlCTTBRclYyNWV2anRIUW5oZGIzbUxYa01FdUxESUNMb2NyMEFVZGtmd2tsZA0KN1NMT0lKQnZCR3ptL2dKQTNVb3I5d3FSeldEQVhnVktnc3NDZ2NFQTVyOWliNUtZU1huVlJuN0ZvQlQ1ZHozVQ0KYS9zSFF6aW1FYWt3L0FNMzJmQUJYNlAvekNVc2Q1dTBuNVlIa1h0VHh1OGFBN2lRUHZzWHh1bVpBckZpRmhpdg0KUGhBdGZ4RkFZb3cvb2NYNlIxNFNMVU9NMmRjK2UrbVpaWXVXMEQ0T0ZUUUFoTXZTbEd4TThVYkQvbi90dWE1UQ0KalQ4K2pwODd6REc4S1dtai95U04yQlRET1EyeHJ1VU1WWmFOdHQrSi83ajVBTklPZ0RsbHZWNWQ2RzFWY040Rg0KbkZwdHNQYmVSSTN1bXN4SUtidVRsNDhPbFRpOE1IK0U4N01ZS0FDVEFvSEFkYnExZXZja2gyYmpuSFFrK0xmVw0KemF2UHFtUHBiNjZNdEd6MStqbjdIVTJnUnNSZFp2dWp4a3Ywb0cvbDhwT0daNjNKM3ZwT0NzWnhTS3ptK1VaZg0KYUVBSG1ndXdRKzd1VXE2M0gwelNkRnA3RDNzQzF1ZUdMTWJNV1QxcFZ2azZRelNYZ1lCVzVPWDhqbWRydVRuVg0KR0l2c08vZGd5MmdTR3FVbXQ3MlVmVURPVW1mcXYvcWxvRXFTWHh1eEQ0SklKVk5LQzdPQ3Exc25NYjRFekhlbg0KQVpzTmM2a1Q4VG1MT01ZU3VZLzZSMFdJVlA1SnhPelFoYmUyVXhiSlpsaU5Bb0hBUXRxNGZuTU94RnNVTy9TRw0KOWJhZUFMcGRUVnZSNHR3SzRac1BvalNjZmZ4WHFZb3Vsc3MrY3ZrZUFBN0w2bzY4MnlwemN4aUtVblVWa29Bag0KNE8vYjUyTUhnd2ZVNXJmczI2Q2UzeFFwUzN3cDhBdGVSODloUHkyVFVDUjljYUJKSEVPUTB1anEvaTNTclNVLw0KckFFTXMzdVp3eExMNFM2cGVLUUFURTliUUpVcXM2eHdVNXR3RzZncFJyTDBKRVBvQzd0Z0NhalNvcnYraWp0Sg0KSWdwcmN1UWc1QWdmTitLT3kzWUQ1NzNBT3JjcU1BTTJ5bTFCdVJ0NVBkSnA4VTBaQW9IQUJiclhNem1ZNlFxcw0KK1NyNFRTMnU4ek5nZ01PVExRN0JTOFp3YmVZK2NpMXd1L3lPYlJQMlRkcGZGQjdQK3huekFBSy93QkluZ0hCMg0KT1Q3cjEwSk5OMmoxVFc4OVphaW9LR2pkS1FZdzBldkd1a3MxK3YvT2Viem1FUTI1UUQ1cjBTUjJIRS9jSDNrKw0KZk9NQVhhMnhDVUVibngwczFMOE5oeEY5Y2xUR3dSMjhmN3lCZHNNS3dEQ09zNCtXbFpDVEdpaHowbFV1YVlVdw0KdHJ5MUhCa1dCVVBvc3pBd2FEUVlGd2dTZzNCYm8yWFUrN2xybDFzOEhIcitLRGhVdXMwTg0KLS0tLS1FTkQgUlNBIFBSSVZBVEUgS0VZLS0tLS0=",
            "filename": "./chefserverkey.pem",
            "id": "beb7351d8f2b5fc67ff15ea266969839092b5c2c"
          },
          "sensitive_attributes": []
        }
      ]
    },
    {
      "mode": "managed",
      "type": "azurerm_availability_set",
      "name": "ido-as",
      "provider": "provider[\"registry.terraform.io/hashicorp/azurerm\"]",
      "instances": [
        {
          "schema_version": 0,
          "attributes": {
            "id": "/subscriptions/6a9c90c6-97b8-4d6b-9fce-16da54e5bd11/resourceGroups/ido-resources/providers/Microsoft.Compute/availabilitySets/myavailabilityset",
            "location": "westeurope",
            "managed": true,
            "name": "myavailabilityset",
            "platform_fault_domain_count": 2,
            "platform_update_domain_count": 2,
            "proximity_placement_group_id": null,
            "resource_group_name": "ido-resources",
            "tags": {},
            "timeouts": null
          },
          "sensitive_attributes": [],
          "private": "eyJlMmJmYjczMC1lY2FhLTExZTYtOGY4OC0zNDM2M2JjN2M0YzAiOnsiY3JlYXRlIjoxODAwMDAwMDAwMDAwLCJkZWxldGUiOjE4MDAwMDAwMDAwMDAsInJlYWQiOjMwMDAwMDAwMDAwMCwidXBkYXRlIjoxODAwMDAwMDAwMDAwfX0=",
          "dependencies": [
            "azurerm_resource_group.ido-resources-tf"
          ]
        }
      ]
    },
    {
      "mode": "managed",
      "type": "azurerm_lb",
      "name": "ido-lb",
      "provider": "provider[\"registry.terraform.io/hashicorp/azurerm\"]",
      "instances": [
        {
          "schema_version": 0,
          "attributes": {
            "edge_zone": "",
            "frontend_ip_configuration": [
              {
                "gateway_load_balancer_frontend_ip_configuration_id": "",
                "id": "/subscriptions/6a9c90c6-97b8-4d6b-9fce-16da54e5bd11/resourceGroups/ido-resources/providers/Microsoft.Network/loadBalancers/ido-lb/frontendIPConfigurations/ido-frontend-ip",
                "inbound_nat_rules": [
                  "/subscriptions/6a9c90c6-97b8-4d6b-9fce-16da54e5bd11/resourceGroups/ido-resources/providers/Microsoft.Network/loadBalancers/ido-lb/inboundNatRules/ido-inbound-nat-rule"
                ],
                "load_balancer_rules": [
                  "/subscriptions/6a9c90c6-97b8-4d6b-9fce-16da54e5bd11/resourceGroups/ido-resources/providers/Microsoft.Network/loadBalancers/ido-lb/loadBalancingRules/ido-lb-rule"
                ],
                "name": "ido-frontend-ip",
                "outbound_rules": [],
                "private_ip_address": "",
                "private_ip_address_allocation": "Dynamic",
                "private_ip_address_version": "",
                "public_ip_address_id": "/subscriptions/6a9c90c6-97b8-4d6b-9fce-16da54e5bd11/resourceGroups/ido-resources/providers/Microsoft.Network/publicIPAddresses/ido-public-ip",
                "public_ip_prefix_id": "",
                "subnet_id": "",
                "zones": []
              }
            ],
            "id": "/subscriptions/6a9c90c6-97b8-4d6b-9fce-16da54e5bd11/resourceGroups/ido-resources/providers/Microsoft.Network/loadBalancers/ido-lb",
            "location": "westeurope",
            "name": "ido-lb",
            "private_ip_address": "",
            "private_ip_addresses": [],
            "resource_group_name": "ido-resources",
            "sku": "Basic",
            "sku_tier": "Regional",
            "tags": {},
            "timeouts": null
          },
          "sensitive_attributes": [],
          "private": "eyJlMmJmYjczMC1lY2FhLTExZTYtOGY4OC0zNDM2M2JjN2M0YzAiOnsiY3JlYXRlIjoxODAwMDAwMDAwMDAwLCJkZWxldGUiOjE4MDAwMDAwMDAwMDAsInJlYWQiOjMwMDAwMDAwMDAwMCwidXBkYXRlIjoxODAwMDAwMDAwMDAwfX0=",
          "dependencies": [
            "azurerm_public_ip.ido-public-ip",
            "azurerm_resource_group.ido-resources-tf"
          ]
        }
      ]
    },
    {
      "mode": "managed",
      "type": "azurerm_lb_backend_address_pool",
      "name": "backend_address_pool",
      "provider": "provider[\"registry.terraform.io/hashicorp/azurerm\"]",
      "instances": [
        {
          "schema_version": 0,
          "attributes": {
            "backend_ip_configurations": [
              "/subscriptions/6a9c90c6-97b8-4d6b-9fce-16da54e5bd11/resourceGroups/ido-resources/providers/Microsoft.Network/networkInterfaces/ido-nic-0/ipConfigurations/testconfiguration-0",
              "/subscriptions/6a9c90c6-97b8-4d6b-9fce-16da54e5bd11/resourceGroups/ido-resources/providers/Microsoft.Network/networkInterfaces/ido-nic-1/ipConfigurations/testconfiguration-1"
            ],
            "id": "/subscriptions/6a9c90c6-97b8-4d6b-9fce-16da54e5bd11/resourceGroups/ido-resources/providers/Microsoft.Network/loadBalancers/ido-lb/backendAddressPools/ido-backend-pool",
            "load_balancing_rules": [
              "/subscriptions/6a9c90c6-97b8-4d6b-9fce-16da54e5bd11/resourceGroups/ido-resources/providers/Microsoft.Network/loadBalancers/ido-lb/loadBalancingRules/ido-lb-rule"
            ],
            "loadbalancer_id": "/subscriptions/6a9c90c6-97b8-4d6b-9fce-16da54e5bd11/resourceGroups/ido-resources/providers/Microsoft.Network/loadBalancers/ido-lb",
            "name": "ido-backend-pool",
            "outbound_rules": [],
            "timeouts": null,
            "tunnel_interface": []
          },
          "sensitive_attributes": [],
          "private": "eyJlMmJmYjczMC1lY2FhLTExZTYtOGY4OC0zNDM2M2JjN2M0YzAiOnsiY3JlYXRlIjoxODAwMDAwMDAwMDAwLCJkZWxldGUiOjE4MDAwMDAwMDAwMDAsInJlYWQiOjMwMDAwMDAwMDAwMCwidXBkYXRlIjoxODAwMDAwMDAwMDAwfX0=",
          "dependencies": [
            "azurerm_lb.ido-lb",
            "azurerm_public_ip.ido-public-ip",
            "azurerm_resource_group.ido-resources-tf"
          ]
        }
      ]
    },
    {
      "mode": "managed",
      "type": "azurerm_lb_nat_rule",
      "name": "tcp",
      "provider": "provider[\"registry.terraform.io/hashicorp/azurerm\"]",
      "instances": [
        {
          "schema_version": 0,
          "attributes": {
            "backend_ip_configuration_id": "",
            "backend_port": 22,
            "enable_floating_ip": false,
            "enable_tcp_reset": false,
            "frontend_ip_configuration_id": "/subscriptions/6a9c90c6-97b8-4d6b-9fce-16da54e5bd11/resourceGroups/ido-resources/providers/Microsoft.Network/loadBalancers/ido-lb/frontendIPConfigurations/ido-frontend-ip",
            "frontend_ip_configuration_name": "ido-frontend-ip",
            "frontend_port": 22,
            "id": "/subscriptions/6a9c90c6-97b8-4d6b-9fce-16da54e5bd11/resourceGroups/ido-resources/providers/Microsoft.Network/loadBalancers/ido-lb/inboundNatRules/ido-inbound-nat-rule",
            "idle_timeout_in_minutes": 4,
            "loadbalancer_id": "/subscriptions/6a9c90c6-97b8-4d6b-9fce-16da54e5bd11/resourceGroups/ido-resources/providers/Microsoft.Network/loadBalancers/ido-lb",
            "name": "ido-inbound-nat-rule",
            "protocol": "Tcp",
            "resource_group_name": "ido-resources",
            "timeouts": null
          },
          "sensitive_attributes": [],
          "private": "eyJlMmJmYjczMC1lY2FhLTExZTYtOGY4OC0zNDM2M2JjN2M0YzAiOnsiY3JlYXRlIjoxODAwMDAwMDAwMDAwLCJkZWxldGUiOjE4MDAwMDAwMDAwMDAsInJlYWQiOjMwMDAwMDAwMDAwMCwidXBkYXRlIjoxODAwMDAwMDAwMDAwfX0=",
          "dependencies": [
            "azurerm_lb.ido-lb",
            "azurerm_public_ip.ido-public-ip",
            "azurerm_resource_group.ido-resources-tf"
          ]
        }
      ]
    },
    {
      "mode": "managed",
      "type": "azurerm_lb_probe",
      "name": "lb_probe",
      "provider": "provider[\"registry.terraform.io/hashicorp/azurerm\"]",
      "instances": [
        {
          "schema_version": 0,
          "attributes": {
            "id": "/subscriptions/6a9c90c6-97b8-4d6b-9fce-16da54e5bd11/resourceGroups/ido-resources/providers/Microsoft.Network/loadBalancers/ido-lb/probes/ido-probe",
            "interval_in_seconds": 15,
            "load_balancer_rules": [],
            "loadbalancer_id": "/subscriptions/6a9c90c6-97b8-4d6b-9fce-16da54e5bd11/resourceGroups/ido-resources/providers/Microsoft.Network/loadBalancers/ido-lb",
            "name": "ido-probe",
            "number_of_probes": 2,
            "port": 80,
            "protocol": "Http",
            "request_path": "/",
            "timeouts": null
          },
          "sensitive_attributes": [],
          "private": "eyJlMmJmYjczMC1lY2FhLTExZTYtOGY4OC0zNDM2M2JjN2M0YzAiOnsiY3JlYXRlIjoxODAwMDAwMDAwMDAwLCJkZWxldGUiOjE4MDAwMDAwMDAwMDAsInJlYWQiOjMwMDAwMDAwMDAwMCwidXBkYXRlIjoxODAwMDAwMDAwMDAwfX0=",
          "dependencies": [
            "azurerm_lb.ido-lb",
            "azurerm_public_ip.ido-public-ip",
            "azurerm_resource_group.ido-resources-tf"
          ]
        }
      ]
    },
    {
      "mode": "managed",
      "type": "azurerm_lb_rule",
      "name": "load_balancer_rule",
      "provider": "provider[\"registry.terraform.io/hashicorp/azurerm\"]",
      "instances": [
        {
          "schema_version": 0,
          "attributes": {
            "backend_address_pool_ids": [
              "/subscriptions/6a9c90c6-97b8-4d6b-9fce-16da54e5bd11/resourceGroups/ido-resources/providers/Microsoft.Network/loadBalancers/ido-lb/backendAddressPools/ido-backend-pool"
            ],
            "backend_port": 80,
            "disable_outbound_snat": false,
            "enable_floating_ip": false,
            "enable_tcp_reset": false,
            "frontend_ip_configuration_id": "/subscriptions/6a9c90c6-97b8-4d6b-9fce-16da54e5bd11/resourceGroups/ido-resources/providers/Microsoft.Network/loadBalancers/ido-lb/frontendIPConfigurations/ido-frontend-ip",
            "frontend_ip_configuration_name": "ido-frontend-ip",
            "frontend_port": 80,
            "id": "/subscriptions/6a9c90c6-97b8-4d6b-9fce-16da54e5bd11/resourceGroups/ido-resources/providers/Microsoft.Network/loadBalancers/ido-lb/loadBalancingRules/ido-lb-rule",
            "idle_timeout_in_minutes": 4,
            "load_distribution": "Default",
            "loadbalancer_id": "/subscriptions/6a9c90c6-97b8-4d6b-9fce-16da54e5bd11/resourceGroups/ido-resources/providers/Microsoft.Network/loadBalancers/ido-lb",
            "name": "ido-lb-rule",
            "probe_id": "",
            "protocol": "Tcp",
            "timeouts": null
          },
          "sensitive_attributes": [],
          "private": "eyJlMmJmYjczMC1lY2FhLTExZTYtOGY4OC0zNDM2M2JjN2M0YzAiOnsiY3JlYXRlIjoxODAwMDAwMDAwMDAwLCJkZWxldGUiOjE4MDAwMDAwMDAwMDAsInJlYWQiOjMwMDAwMDAwMDAwMCwidXBkYXRlIjoxODAwMDAwMDAwMDAwfX0=",
          "dependencies": [
            "azurerm_lb.ido-lb",
            "azurerm_lb_backend_address_pool.backend_address_pool",
            "azurerm_public_ip.ido-public-ip",
            "azurerm_resource_group.ido-resources-tf"
          ]
        }
      ]
    },
    {
      "mode": "managed",
      "type": "azurerm_network_interface",
      "name": "chef-nic",
      "provider": "provider[\"registry.terraform.io/hashicorp/azurerm\"]",
      "instances": [
        {
          "index_key": 0,
          "schema_version": 0,
          "attributes": {
            "applied_dns_servers": [],
            "dns_servers": [],
            "edge_zone": "",
            "enable_accelerated_networking": false,
            "enable_ip_forwarding": false,
            "id": "/subscriptions/6a9c90c6-97b8-4d6b-9fce-16da54e5bd11/resourceGroups/ido-resources/providers/Microsoft.Network/networkInterfaces/chef-nic-0",
            "internal_dns_name_label": "",
            "internal_domain_name_suffix": "gqupcni2ezoenevjwawrhg2k4b.ax.internal.cloudapp.net",
            "ip_configuration": [
              {
                "gateway_load_balancer_frontend_ip_configuration_id": "",
                "name": "testconfiguration-0",
                "primary": true,
                "private_ip_address": "10.123.1.7",
                "private_ip_address_allocation": "Dynamic",
                "private_ip_address_version": "IPv4",
                "public_ip_address_id": "",
                "subnet_id": "/subscriptions/6a9c90c6-97b8-4d6b-9fce-16da54e5bd11/resourceGroups/ido-resources/providers/Microsoft.Network/virtualNetworks/ido-vn/subnets/ido-subnet"
              }
            ],
            "location": "westeurope",
            "mac_address": "",
            "name": "chef-nic-0",
            "private_ip_address": "10.123.1.7",
            "private_ip_addresses": [
              "10.123.1.7"
            ],
            "resource_group_name": "ido-resources",
            "tags": null,
            "timeouts": null,
            "virtual_machine_id": ""
          },
          "sensitive_attributes": [],
          "private": "eyJlMmJmYjczMC1lY2FhLTExZTYtOGY4OC0zNDM2M2JjN2M0YzAiOnsiY3JlYXRlIjoxODAwMDAwMDAwMDAwLCJkZWxldGUiOjE4MDAwMDAwMDAwMDAsInJlYWQiOjMwMDAwMDAwMDAwMCwidXBkYXRlIjoxODAwMDAwMDAwMDAwfX0=",
          "dependencies": [
            "azurerm_resource_group.ido-resources-tf",
            "module.idos_virtual_network_subnet.azurerm_subnet.subnet"
          ]
        }
      ]
    },
    {
      "mode": "managed",
      "type": "azurerm_network_interface",
      "name": "ido-nic",
      "provider": "provider[\"registry.terraform.io/hashicorp/azurerm\"]",
      "instances": [
        {
          "index_key": 0,
          "schema_version": 0,
          "attributes": {
            "applied_dns_servers": [],
            "dns_servers": [],
            "edge_zone": "",
            "enable_accelerated_networking": false,
            "enable_ip_forwarding": false,
            "id": "/subscriptions/6a9c90c6-97b8-4d6b-9fce-16da54e5bd11/resourceGroups/ido-resources/providers/Microsoft.Network/networkInterfaces/ido-nic-0",
            "internal_dns_name_label": "",
            "internal_domain_name_suffix": "gqupcni2ezoenevjwawrhg2k4b.ax.internal.cloudapp.net",
            "ip_configuration": [
              {
                "gateway_load_balancer_frontend_ip_configuration_id": "",
                "name": "testconfiguration-0",
                "primary": true,
                "private_ip_address": "10.123.1.6",
                "private_ip_address_allocation": "Dynamic",
                "private_ip_address_version": "IPv4",
                "public_ip_address_id": "",
                "subnet_id": "/subscriptions/6a9c90c6-97b8-4d6b-9fce-16da54e5bd11/resourceGroups/ido-resources/providers/Microsoft.Network/virtualNetworks/ido-vn/subnets/ido-subnet"
              }
            ],
            "location": "westeurope",
            "mac_address": "00-0D-3A-4C-8B-16",
            "name": "ido-nic-0",
            "private_ip_address": "10.123.1.6",
            "private_ip_addresses": [
              "10.123.1.6"
            ],
            "resource_group_name": "ido-resources",
            "tags": {},
            "timeouts": null,
            "virtual_machine_id": "/subscriptions/6a9c90c6-97b8-4d6b-9fce-16da54e5bd11/resourceGroups/ido-resources/providers/Microsoft.Compute/virtualMachines/ido-vm-0"
          },
          "sensitive_attributes": [],
          "private": "eyJlMmJmYjczMC1lY2FhLTExZTYtOGY4OC0zNDM2M2JjN2M0YzAiOnsiY3JlYXRlIjoxODAwMDAwMDAwMDAwLCJkZWxldGUiOjE4MDAwMDAwMDAwMDAsInJlYWQiOjMwMDAwMDAwMDAwMCwidXBkYXRlIjoxODAwMDAwMDAwMDAwfX0=",
          "dependencies": [
            "azurerm_resource_group.ido-resources-tf",
            "module.idos_virtual_network_subnet.azurerm_subnet.subnet",
            "module.idos_virtual_network_subnet.azurerm_virtual_network.virtual-network"
          ]
        },
        {
          "index_key": 1,
          "schema_version": 0,
          "attributes": {
            "applied_dns_servers": [],
            "dns_servers": [],
            "edge_zone": "",
            "enable_accelerated_networking": false,
            "enable_ip_forwarding": false,
            "id": "/subscriptions/6a9c90c6-97b8-4d6b-9fce-16da54e5bd11/resourceGroups/ido-resources/providers/Microsoft.Network/networkInterfaces/ido-nic-1",
            "internal_dns_name_label": "",
            "internal_domain_name_suffix": "gqupcni2ezoenevjwawrhg2k4b.ax.internal.cloudapp.net",
            "ip_configuration": [
              {
                "gateway_load_balancer_frontend_ip_configuration_id": "",
                "name": "testconfiguration-1",
                "primary": true,
                "private_ip_address": "10.123.1.5",
                "private_ip_address_allocation": "Dynamic",
                "private_ip_address_version": "IPv4",
                "public_ip_address_id": "",
                "subnet_id": "/subscriptions/6a9c90c6-97b8-4d6b-9fce-16da54e5bd11/resourceGroups/ido-resources/providers/Microsoft.Network/virtualNetworks/ido-vn/subnets/ido-subnet"
              }
            ],
            "location": "westeurope",
            "mac_address": "00-0D-3A-48-62-18",
            "name": "ido-nic-1",
            "private_ip_address": "10.123.1.5",
            "private_ip_addresses": [
              "10.123.1.5"
            ],
            "resource_group_name": "ido-resources",
            "tags": {},
            "timeouts": null,
            "virtual_machine_id": "/subscriptions/6a9c90c6-97b8-4d6b-9fce-16da54e5bd11/resourceGroups/ido-resources/providers/Microsoft.Compute/virtualMachines/ido-vm-1"
          },
          "sensitive_attributes": [],
          "private": "eyJlMmJmYjczMC1lY2FhLTExZTYtOGY4OC0zNDM2M2JjN2M0YzAiOnsiY3JlYXRlIjoxODAwMDAwMDAwMDAwLCJkZWxldGUiOjE4MDAwMDAwMDAwMDAsInJlYWQiOjMwMDAwMDAwMDAwMCwidXBkYXRlIjoxODAwMDAwMDAwMDAwfX0=",
          "dependencies": [
            "azurerm_resource_group.ido-resources-tf",
            "module.idos_virtual_network_subnet.azurerm_subnet.subnet",
            "module.idos_virtual_network_subnet.azurerm_virtual_network.virtual-network"
          ]
        }
      ]
    },
    {
      "mode": "managed",
      "type": "azurerm_network_interface_backend_address_pool_association",
      "name": "ido-lb-asso",
      "provider": "provider[\"registry.terraform.io/hashicorp/azurerm\"]",
      "instances": [
        {
          "index_key": 0,
          "schema_version": 0,
          "attributes": {
            "backend_address_pool_id": "/subscriptions/6a9c90c6-97b8-4d6b-9fce-16da54e5bd11/resourceGroups/ido-resources/providers/Microsoft.Network/loadBalancers/ido-lb/backendAddressPools/ido-backend-pool",
            "id": "/subscriptions/6a9c90c6-97b8-4d6b-9fce-16da54e5bd11/resourceGroups/ido-resources/providers/Microsoft.Network/networkInterfaces/ido-nic-0/ipConfigurations/testconfiguration-0|/subscriptions/6a9c90c6-97b8-4d6b-9fce-16da54e5bd11/resourceGroups/ido-resources/providers/Microsoft.Network/loadBalancers/ido-lb/backendAddressPools/ido-backend-pool",
            "ip_configuration_name": "testconfiguration-0",
            "network_interface_id": "/subscriptions/6a9c90c6-97b8-4d6b-9fce-16da54e5bd11/resourceGroups/ido-resources/providers/Microsoft.Network/networkInterfaces/ido-nic-0",
            "timeouts": null
          },
          "sensitive_attributes": [],
          "private": "eyJlMmJmYjczMC1lY2FhLTExZTYtOGY4OC0zNDM2M2JjN2M0YzAiOnsiY3JlYXRlIjoxODAwMDAwMDAwMDAwLCJkZWxldGUiOjE4MDAwMDAwMDAwMDAsInJlYWQiOjMwMDAwMDAwMDAwMCwidXBkYXRlIjoxODAwMDAwMDAwMDAwfX0=",
          "dependencies": [
            "azurerm_lb.ido-lb",
            "azurerm_lb_backend_address_pool.backend_address_pool",
            "azurerm_network_interface.ido-nic",
            "azurerm_public_ip.ido-public-ip",
            "azurerm_resource_group.ido-resources-tf",
            "module.idos_virtual_network_subnet.azurerm_subnet.subnet",
            "module.idos_virtual_network_subnet.azurerm_virtual_network.virtual-network"
          ]
        },
        {
          "index_key": 1,
          "schema_version": 0,
          "attributes": {
            "backend_address_pool_id": "/subscriptions/6a9c90c6-97b8-4d6b-9fce-16da54e5bd11/resourceGroups/ido-resources/providers/Microsoft.Network/loadBalancers/ido-lb/backendAddressPools/ido-backend-pool",
            "id": "/subscriptions/6a9c90c6-97b8-4d6b-9fce-16da54e5bd11/resourceGroups/ido-resources/providers/Microsoft.Network/networkInterfaces/ido-nic-1/ipConfigurations/testconfiguration-1|/subscriptions/6a9c90c6-97b8-4d6b-9fce-16da54e5bd11/resourceGroups/ido-resources/providers/Microsoft.Network/loadBalancers/ido-lb/backendAddressPools/ido-backend-pool",
            "ip_configuration_name": "testconfiguration-1",
            "network_interface_id": "/subscriptions/6a9c90c6-97b8-4d6b-9fce-16da54e5bd11/resourceGroups/ido-resources/providers/Microsoft.Network/networkInterfaces/ido-nic-1",
            "timeouts": null
          },
          "sensitive_attributes": [],
          "private": "eyJlMmJmYjczMC1lY2FhLTExZTYtOGY4OC0zNDM2M2JjN2M0YzAiOnsiY3JlYXRlIjoxODAwMDAwMDAwMDAwLCJkZWxldGUiOjE4MDAwMDAwMDAwMDAsInJlYWQiOjMwMDAwMDAwMDAwMCwidXBkYXRlIjoxODAwMDAwMDAwMDAwfX0=",
          "dependencies": [
            "azurerm_lb.ido-lb",
            "azurerm_lb_backend_address_pool.backend_address_pool",
            "azurerm_network_interface.ido-nic",
            "azurerm_public_ip.ido-public-ip",
            "azurerm_resource_group.ido-resources-tf",
            "module.idos_virtual_network_subnet.azurerm_subnet.subnet",
            "module.idos_virtual_network_subnet.azurerm_virtual_network.virtual-network"
          ]
        }
      ]
    },
    {
      "mode": "managed",
      "type": "azurerm_network_security_group",
      "name": "ido-sg",
      "provider": "provider[\"registry.terraform.io/hashicorp/azurerm\"]",
      "instances": [
        {
          "schema_version": 0,
          "attributes": {
            "id": "/subscriptions/6a9c90c6-97b8-4d6b-9fce-16da54e5bd11/resourceGroups/ido-resources/providers/Microsoft.Network/networkSecurityGroups/ido-sg1",
            "location": "westeurope",
            "name": "ido-sg1",
            "resource_group_name": "ido-resources",
            "security_rule": [
              {
                "access": "Allow",
                "description": "",
                "destination_address_prefix": "*",
                "destination_address_prefixes": [],
                "destination_application_security_group_ids": [],
                "destination_port_range": "*",
                "destination_port_ranges": [],
                "direction": "Inbound",
                "name": "ido-dev-rule1",
                "priority": 100,
                "protocol": "*",
                "source_address_prefix": "*",
                "source_address_prefixes": [],
                "source_application_security_group_ids": [],
                "source_port_range": "*",
                "source_port_ranges": []
              }
            ],
            "tags": {
              "enviroment": "dev"
            },
            "timeouts": null
          },
          "sensitive_attributes": [],
          "private": "eyJlMmJmYjczMC1lY2FhLTExZTYtOGY4OC0zNDM2M2JjN2M0YzAiOnsiY3JlYXRlIjoxODAwMDAwMDAwMDAwLCJkZWxldGUiOjE4MDAwMDAwMDAwMDAsInJlYWQiOjMwMDAwMDAwMDAwMCwidXBkYXRlIjoxODAwMDAwMDAwMDAwfX0=",
          "dependencies": [
            "azurerm_resource_group.ido-resources-tf"
          ]
        }
      ]
    },
    {
      "mode": "managed",
      "type": "azurerm_network_security_rule",
      "name": "ido-dev-rule",
      "provider": "provider[\"registry.terraform.io/hashicorp/azurerm\"]",
      "instances": [
        {
          "schema_version": 0,
          "attributes": {
            "access": "Allow",
            "description": "",
            "destination_address_prefix": "*",
            "destination_address_prefixes": [],
            "destination_application_security_group_ids": [],
            "destination_port_range": "*",
            "destination_port_ranges": [],
            "direction": "Inbound",
            "id": "/subscriptions/6a9c90c6-97b8-4d6b-9fce-16da54e5bd11/resourceGroups/ido-resources/providers/Microsoft.Network/networkSecurityGroups/ido-sg1/securityRules/ido-dev-rule1",
            "name": "ido-dev-rule1",
            "network_security_group_name": "ido-sg1",
            "priority": 100,
            "protocol": "*",
            "resource_group_name": "ido-resources",
            "source_address_prefix": "*",
            "source_address_prefixes": [],
            "source_application_security_group_ids": [],
            "source_port_range": "*",
            "source_port_ranges": [],
            "timeouts": null
          },
          "sensitive_attributes": [],
          "private": "eyJlMmJmYjczMC1lY2FhLTExZTYtOGY4OC0zNDM2M2JjN2M0YzAiOnsiY3JlYXRlIjoxODAwMDAwMDAwMDAwLCJkZWxldGUiOjE4MDAwMDAwMDAwMDAsInJlYWQiOjMwMDAwMDAwMDAwMCwidXBkYXRlIjoxODAwMDAwMDAwMDAwfX0=",
          "dependencies": [
            "azurerm_network_security_group.ido-sg",
            "azurerm_resource_group.ido-resources-tf"
          ]
        }
      ]
    },
    {
      "mode": "managed",
      "type": "azurerm_public_ip",
      "name": "ido-public-ip",
      "provider": "provider[\"registry.terraform.io/hashicorp/azurerm\"]",
      "instances": [
        {
          "schema_version": 0,
          "attributes": {
            "allocation_method": "Static",
            "domain_name_label": null,
            "edge_zone": "",
            "fqdn": null,
            "id": "/subscriptions/6a9c90c6-97b8-4d6b-9fce-16da54e5bd11/resourceGroups/ido-resources/providers/Microsoft.Network/publicIPAddresses/ido-public-ip",
            "idle_timeout_in_minutes": 4,
            "ip_address": "13.88.203.20",
            "ip_tags": {},
            "ip_version": "IPv4",
            "location": "westeurope",
            "name": "ido-public-ip",
            "public_ip_prefix_id": null,
            "resource_group_name": "ido-resources",
            "reverse_fqdn": null,
            "sku": "Basic",
            "sku_tier": "Regional",
            "tags": {
              "environment": "dev"
            },
            "timeouts": null,
            "zones": []
          },
          "sensitive_attributes": [],
          "private": "eyJlMmJmYjczMC1lY2FhLTExZTYtOGY4OC0zNDM2M2JjN2M0YzAiOnsiY3JlYXRlIjoxODAwMDAwMDAwMDAwLCJkZWxldGUiOjE4MDAwMDAwMDAwMDAsInJlYWQiOjMwMDAwMDAwMDAwMCwidXBkYXRlIjoxODAwMDAwMDAwMDAwfX0=",
          "dependencies": [
            "azurerm_resource_group.ido-resources-tf"
          ]
        }
      ]
    },
    {
      "mode": "managed",
      "type": "azurerm_resource_group",
      "name": "ido-resources-tf",
      "provider": "provider[\"registry.terraform.io/hashicorp/azurerm\"]",
      "instances": [
        {
          "schema_version": 0,
          "attributes": {
            "id": "/subscriptions/6a9c90c6-97b8-4d6b-9fce-16da54e5bd11/resourceGroups/ido-resources",
            "location": "westeurope",
            "name": "ido-resources",
            "tags": {
              "enviroment": "dev"
            },
            "timeouts": null
          },
          "sensitive_attributes": [],
          "private": "eyJlMmJmYjczMC1lY2FhLTExZTYtOGY4OC0zNDM2M2JjN2M0YzAiOnsiY3JlYXRlIjo1NDAwMDAwMDAwMDAwLCJkZWxldGUiOjU0MDAwMDAwMDAwMDAsInJlYWQiOjMwMDAwMDAwMDAwMCwidXBkYXRlIjo1NDAwMDAwMDAwMDAwfX0="
        }
      ]
    },
    {
      "mode": "managed",
      "type": "azurerm_subnet_network_security_group_association",
      "name": "ido-sga",
      "provider": "provider[\"registry.terraform.io/hashicorp/azurerm\"]",
      "instances": [
        {
          "schema_version": 0,
          "attributes": {
            "id": "/subscriptions/6a9c90c6-97b8-4d6b-9fce-16da54e5bd11/resourceGroups/ido-resources/providers/Microsoft.Network/virtualNetworks/ido-vn/subnets/ido-subnet",
            "network_security_group_id": "/subscriptions/6a9c90c6-97b8-4d6b-9fce-16da54e5bd11/resourceGroups/ido-resources/providers/Microsoft.Network/networkSecurityGroups/ido-sg1",
            "subnet_id": "/subscriptions/6a9c90c6-97b8-4d6b-9fce-16da54e5bd11/resourceGroups/ido-resources/providers/Microsoft.Network/virtualNetworks/ido-vn/subnets/ido-subnet",
            "timeouts": null
          },
          "sensitive_attributes": [],
          "private": "eyJlMmJmYjczMC1lY2FhLTExZTYtOGY4OC0zNDM2M2JjN2M0YzAiOnsiY3JlYXRlIjoxODAwMDAwMDAwMDAwLCJkZWxldGUiOjE4MDAwMDAwMDAwMDAsInJlYWQiOjMwMDAwMDAwMDAwMCwidXBkYXRlIjoxODAwMDAwMDAwMDAwfX0=",
          "dependencies": [
            "azurerm_network_security_group.ido-sg",
            "azurerm_resource_group.ido-resources-tf",
            "module.idos_virtual_network_subnet.azurerm_subnet.subnet",
            "module.idos_virtual_network_subnet.azurerm_virtual_network.virtual-network"
          ]
        }
      ]
    },
    {
      "mode": "managed",
      "type": "azurerm_virtual_machine",
      "name": "chef-server",
      "provider": "provider[\"registry.terraform.io/hashicorp/azurerm\"]",
      "instances": [
        {
          "index_key": 0,
          "schema_version": 0,
          "attributes": {
            "additional_capabilities": [],
            "availability_set_id": "/subscriptions/6a9c90c6-97b8-4d6b-9fce-16da54e5bd11/resourcegroups/ido-resources/providers/microsoft.compute/availabilitysets/myavailabilityset",
            "boot_diagnostics": [],
            "delete_data_disks_on_termination": false,
            "delete_os_disk_on_termination": false,
            "id": "/subscriptions/6a9c90c6-97b8-4d6b-9fce-16da54e5bd11/resourceGroups/ido-resources/providers/Microsoft.Compute/virtualMachines/chef-server",
            "identity": [],
            "license_type": null,
            "location": "westeurope",
            "name": "chef-server",
            "network_interface_ids": [
              "/subscriptions/6a9c90c6-97b8-4d6b-9fce-16da54e5bd11/resourceGroups/ido-resources/providers/Microsoft.Network/networkInterfaces/chef-nic-0"
            ],
            "os_profile": [
              {
                "admin_password": "",
                "admin_username": "chefadmin",
                "computer_name": "chef-server",
                "custom_data": ""
              }
            ],
            "os_profile_linux_config": [
              {
                "disable_password_authentication": false,
                "ssh_keys": []
              }
            ],
            "os_profile_secrets": [],
            "os_profile_windows_config": [],
            "plan": [],
            "primary_network_interface_id": null,
            "proximity_placement_group_id": null,
            "resource_group_name": "ido-resources",
            "storage_data_disk": [],
            "storage_image_reference": [
              {
                "id": "",
                "offer": "UbuntuServer",
                "publisher": "Canonical",
                "sku": "16.04-LTS",
                "version": "latest"
              }
            ],
            "storage_os_disk": [
              {
                "caching": "ReadWrite",
                "create_option": "FromImage",
                "disk_size_gb": 30,
                "image_uri": "",
                "managed_disk_id": "/subscriptions/6a9c90c6-97b8-4d6b-9fce-16da54e5bd11/resourceGroups/ido-resources/providers/Microsoft.Compute/disks/myosdisk-chef-server",
                "managed_disk_type": "Premium_LRS",
                "name": "myosdisk-chef-server",
                "os_type": "Linux",
                "vhd_uri": "",
                "write_accelerator_enabled": false
              }
            ],
            "tags": null,
            "timeouts": null,
            "vm_size": "Standard_B1s",
            "zones": null
          },
          "sensitive_attributes": [],
          "private": "eyJlMmJmYjczMC1lY2FhLTExZTYtOGY4OC0zNDM2M2JjN2M0YzAiOnsiY3JlYXRlIjozNjAwMDAwMDAwMDAwLCJkZWxldGUiOjM2MDAwMDAwMDAwMDAsInJlYWQiOjMwMDAwMDAwMDAwMCwidXBkYXRlIjozNjAwMDAwMDAwMDAwfX0=",
          "dependencies": [
            "azurerm_availability_set.ido-as",
            "azurerm_network_interface.chef-nic",
            "azurerm_resource_group.ido-resources-tf",
            "module.idos_virtual_network_subnet.azurerm_subnet.subnet"
          ]
        }
      ]
    },
    {
      "mode": "managed",
      "type": "azurerm_virtual_machine",
      "name": "ido-vm",
      "provider": "provider[\"registry.terraform.io/hashicorp/azurerm\"]",
      "instances": [
        {
          "index_key": 0,
          "schema_version": 0,
          "attributes": {
            "additional_capabilities": [],
            "availability_set_id": "/subscriptions/6a9c90c6-97b8-4d6b-9fce-16da54e5bd11/resourcegroups/ido-resources/providers/microsoft.compute/availabilitysets/myavailabilityset",
            "boot_diagnostics": [],
            "delete_data_disks_on_termination": false,
            "delete_os_disk_on_termination": false,
            "id": "/subscriptions/6a9c90c6-97b8-4d6b-9fce-16da54e5bd11/resourceGroups/ido-resources/providers/Microsoft.Compute/virtualMachines/ido-vm-0",
            "identity": [],
            "license_type": null,
            "location": "westeurope",
            "name": "ido-vm-0",
            "network_interface_ids": [
              "/subscriptions/6a9c90c6-97b8-4d6b-9fce-16da54e5bd11/resourceGroups/ido-resources/providers/Microsoft.Network/networkInterfaces/ido-nic-0"
            ],
            "os_profile": [
              {
                "admin_password": "",
                "admin_username": "testadmin",
                "computer_name": "ido-vm-0",
                "custom_data": ""
              }
            ],
            "os_profile_linux_config": [
              {
                "disable_password_authentication": false,
                "ssh_keys": []
              }
            ],
            "os_profile_secrets": [],
            "os_profile_windows_config": [],
            "plan": [],
            "primary_network_interface_id": null,
            "proximity_placement_group_id": null,
            "resource_group_name": "ido-resources",
            "storage_data_disk": [],
            "storage_image_reference": [
              {
                "id": "",
                "offer": "UbuntuServer",
                "publisher": "Canonical",
                "sku": "16.04-LTS",
                "version": "latest"
              }
            ],
            "storage_os_disk": [
              {
                "caching": "ReadWrite",
                "create_option": "FromImage",
                "disk_size_gb": 30,
                "image_uri": "",
                "managed_disk_id": "/subscriptions/6a9c90c6-97b8-4d6b-9fce-16da54e5bd11/resourceGroups/ido-resources/providers/Microsoft.Compute/disks/myosdisk-0",
                "managed_disk_type": "Premium_LRS",
                "name": "myosdisk-0",
                "os_type": "Linux",
                "vhd_uri": "",
                "write_accelerator_enabled": false
              }
            ],
            "tags": {},
            "timeouts": null,
            "vm_size": "Standard_B1s",
            "zones": []
          },
          "sensitive_attributes": [],
          "private": "eyJlMmJmYjczMC1lY2FhLTExZTYtOGY4OC0zNDM2M2JjN2M0YzAiOnsiY3JlYXRlIjozNjAwMDAwMDAwMDAwLCJkZWxldGUiOjM2MDAwMDAwMDAwMDAsInJlYWQiOjMwMDAwMDAwMDAwMCwidXBkYXRlIjozNjAwMDAwMDAwMDAwfX0=",
          "dependencies": [
            "azurerm_availability_set.ido-as",
            "azurerm_network_interface.ido-nic",
            "azurerm_resource_group.ido-resources-tf",
            "module.idos_virtual_network_subnet.azurerm_subnet.subnet",
            "module.idos_virtual_network_subnet.azurerm_virtual_network.virtual-network"
          ]
        },
        {
          "index_key": 1,
          "schema_version": 0,
          "attributes": {
            "additional_capabilities": [],
            "availability_set_id": "/subscriptions/6a9c90c6-97b8-4d6b-9fce-16da54e5bd11/resourcegroups/ido-resources/providers/microsoft.compute/availabilitysets/myavailabilityset",
            "boot_diagnostics": [],
            "delete_data_disks_on_termination": false,
            "delete_os_disk_on_termination": false,
            "id": "/subscriptions/6a9c90c6-97b8-4d6b-9fce-16da54e5bd11/resourceGroups/ido-resources/providers/Microsoft.Compute/virtualMachines/ido-vm-1",
            "identity": [],
            "license_type": null,
            "location": "westeurope",
            "name": "ido-vm-1",
            "network_interface_ids": [
              "/subscriptions/6a9c90c6-97b8-4d6b-9fce-16da54e5bd11/resourceGroups/ido-resources/providers/Microsoft.Network/networkInterfaces/ido-nic-1"
            ],
            "os_profile": [
              {
                "admin_password": "",
                "admin_username": "testadmin",
                "computer_name": "ido-vm-1",
                "custom_data": ""
              }
            ],
            "os_profile_linux_config": [
              {
                "disable_password_authentication": false,
                "ssh_keys": []
              }
            ],
            "os_profile_secrets": [],
            "os_profile_windows_config": [],
            "plan": [],
            "primary_network_interface_id": null,
            "proximity_placement_group_id": null,
            "resource_group_name": "ido-resources",
            "storage_data_disk": [],
            "storage_image_reference": [
              {
                "id": "",
                "offer": "UbuntuServer",
                "publisher": "Canonical",
                "sku": "16.04-LTS",
                "version": "latest"
              }
            ],
            "storage_os_disk": [
              {
                "caching": "ReadWrite",
                "create_option": "FromImage",
                "disk_size_gb": 30,
                "image_uri": "",
                "managed_disk_id": "/subscriptions/6a9c90c6-97b8-4d6b-9fce-16da54e5bd11/resourceGroups/ido-resources/providers/Microsoft.Compute/disks/myosdisk-1",
                "managed_disk_type": "Premium_LRS",
                "name": "myosdisk-1",
                "os_type": "Linux",
                "vhd_uri": "",
                "write_accelerator_enabled": false
              }
            ],
            "tags": {},
            "timeouts": null,
            "vm_size": "Standard_B1s",
            "zones": []
          },
          "sensitive_attributes": [],
          "private": "eyJlMmJmYjczMC1lY2FhLTExZTYtOGY4OC0zNDM2M2JjN2M0YzAiOnsiY3JlYXRlIjozNjAwMDAwMDAwMDAwLCJkZWxldGUiOjM2MDAwMDAwMDAwMDAsInJlYWQiOjMwMDAwMDAwMDAwMCwidXBkYXRlIjozNjAwMDAwMDAwMDAwfX0=",
          "dependencies": [
            "azurerm_availability_set.ido-as",
            "azurerm_network_interface.ido-nic",
            "azurerm_resource_group.ido-resources-tf",
            "module.idos_virtual_network_subnet.azurerm_subnet.subnet",
            "module.idos_virtual_network_subnet.azurerm_virtual_network.virtual-network"
          ]
        }
      ]
    },
    {
      "module": "module.idos_virtual_network_subnet",
      "mode": "managed",
      "type": "azurerm_subnet",
      "name": "subnet",
      "provider": "provider[\"registry.terraform.io/hashicorp/azurerm\"]",
      "instances": [
        {
          "schema_version": 0,
          "attributes": {
            "address_prefixes": [
              "10.123.1.0/24"
            ],
            "delegation": [],
            "enforce_private_link_endpoint_network_policies": false,
            "enforce_private_link_service_network_policies": false,
            "id": "/subscriptions/6a9c90c6-97b8-4d6b-9fce-16da54e5bd11/resourceGroups/ido-resources/providers/Microsoft.Network/virtualNetworks/ido-vn/subnets/ido-subnet",
            "name": "ido-subnet",
            "resource_group_name": "ido-resources",
            "service_endpoint_policy_ids": [],
            "service_endpoints": [],
            "timeouts": null,
            "virtual_network_name": "ido-vn"
          },
          "sensitive_attributes": [],
          "private": "eyJlMmJmYjczMC1lY2FhLTExZTYtOGY4OC0zNDM2M2JjN2M0YzAiOnsiY3JlYXRlIjoxODAwMDAwMDAwMDAwLCJkZWxldGUiOjE4MDAwMDAwMDAwMDAsInJlYWQiOjMwMDAwMDAwMDAwMCwidXBkYXRlIjoxODAwMDAwMDAwMDAwfX0=",
          "dependencies": [
            "azurerm_resource_group.ido-resources-tf",
            "module.idos_virtual_network_subnet.azurerm_virtual_network.virtual-network"
          ]
        }
      ]
    },
    {
      "module": "module.idos_virtual_network_subnet",
      "mode": "managed",
      "type": "azurerm_virtual_network",
      "name": "virtual-network",
      "provider": "provider[\"registry.terraform.io/hashicorp/azurerm\"]",
      "instances": [
        {
          "schema_version": 0,
          "attributes": {
            "address_space": [
              "10.123.0.0/16"
            ],
            "bgp_community": "",
            "ddos_protection_plan": [],
            "dns_servers": [],
            "edge_zone": "",
            "flow_timeout_in_minutes": 0,
            "guid": "35f12834-261c-465c-92a9-b02d139b8af1",
            "id": "/subscriptions/6a9c90c6-97b8-4d6b-9fce-16da54e5bd11/resourceGroups/ido-resources/providers/Microsoft.Network/virtualNetworks/ido-vn",
            "location": "westeurope",
            "name": "ido-vn",
            "resource_group_name": "ido-resources",
            "subnet": [
              {
                "address_prefix": "10.123.1.0/24",
                "id": "/subscriptions/6a9c90c6-97b8-4d6b-9fce-16da54e5bd11/resourceGroups/ido-resources/providers/Microsoft.Network/virtualNetworks/ido-vn/subnets/ido-subnet",
                "name": "ido-subnet",
                "security_group": "/subscriptions/6a9c90c6-97b8-4d6b-9fce-16da54e5bd11/resourceGroups/ido-resources/providers/Microsoft.Network/networkSecurityGroups/ido-sg1"
              }
            ],
            "tags": {},
            "timeouts": null
          },
          "sensitive_attributes": [],
          "private": "eyJlMmJmYjczMC1lY2FhLTExZTYtOGY4OC0zNDM2M2JjN2M0YzAiOnsiY3JlYXRlIjoxODAwMDAwMDAwMDAwLCJkZWxldGUiOjE4MDAwMDAwMDAwMDAsInJlYWQiOjMwMDAwMDAwMDAwMCwidXBkYXRlIjoxODAwMDAwMDAwMDAwfX0=",
          "dependencies": [
            "azurerm_resource_group.ido-resources-tf"
          ]
        }
      ]
    }
  ],
  "check_results": null
}
